{
  "name": "Ify",
  "lockfileVersion": 2,
  "requires": true,
  "packages": {
    "": {
      "dependencies": {
        "range-slider-element": "^1.0.0"
      }
    },
    "node_modules/range-slider-element": {
      "version": "1.0.0",
      "resolved": "https://registry.npmjs.org/range-slider-element/-/range-slider-element-1.0.0.tgz",
      "integrity": "sha512-dIPqs8J69fDZqv1WpkuiMSLNFkKapF+GBjQW3LfBDW9C3aFLahmWvYWI2jNtIg0ExWE/D1onSUWi3vWkzKDEHw=="
    }
  },
  "dependencies": {
    "range-slider-element": {
      "version": "1.0.0",
      "resolved": "https://registry.npmjs.org/range-slider-element/-/range-slider-element-1.0.0.tgz",
      "integrity": "sha512-dIPqs8J69fDZqv1WpkuiMSLNFkKapF+GBjQW3LfBDW9C3aFLahmWvYWI2jNtIg0ExWE/D1onSUWi3vWkzKDEHw=="
    }
  }
}
